{
    "_meta": {
        "hash": {
            "sha256": "26bb0abe2443a2876a5d12bf39cd3376c60a2df486ff3c93ce232a20616cda89"
        },
        "requires": {},
        "sources": [
            {
                "url": "https://pypi.python.org/simple",
                "verify_ssl": true
            }
        ]
    },
    "default": {
        "django": {
            "version": "==1.11"
        },
        "pytz": {
            "version": "==2017.2"
        },
        "selenium": {
            "version": "==3.4.3"
        }
    },
    "develop": {}
}
